
Microsoft Visual Studio Solution File, Format Version 12.00
# Visual Studio Version 17
VisualStudioVersion = 17.7.34202.233
MinimumVisualStudioVersion = 10.0.40219.1
Project("{FAE04EC0-301F-11D3-BF4B-00C04F79EFBC}") = "Entities", "Entities\Entities.csproj", "{3E0CD139-2027-4734-9949-D2E41BD5C61E}"
EndProject
Project("{2150E333-8FDC-42A3-9474-1A3956D46DE8}") = "1 - Apresentação", "1 - Apresentação", "{45926F69-9A6D-4FD7-82F0-DE57389A7249}"
EndProject
Project("{2150E333-8FDC-42A3-9474-1A3956D46DE8}") = "2 - Dominio", "2 - Dominio", "{D6C5E21C-532D-4F90-8AAD-33808BFBA230}"
EndProject
Project("{2150E333-8FDC-42A3-9474-1A3956D46DE8}") = "3 - InfraEstrutura", "3 - InfraEstrutura", "{FC650D05-536E-4849-8DC2-A8A3B827B822}"
EndProject
Project("{2150E333-8FDC-42A3-9474-1A3956D46DE8}") = "4 - Entidades", "4 - Entidades", "{DE7F3825-DC72-483E-BCCD-B8993D05F1B8}"
EndProject
Project("{2150E333-8FDC-42A3-9474-1A3956D46DE8}") = "5 - Helpers", "5 - Helpers", "{45B325B8-6BF4-4DC2-8E8E-4E464FEABC2E}"
EndProject
Project("{FAE04EC0-301F-11D3-BF4B-00C04F79EFBC}") = "Helpers", "Helpers\Helpers.csproj", "{FD6B3A0F-8295-498B-9148-97AB7214033F}"
EndProject
Project("{FAE04EC0-301F-11D3-BF4B-00C04F79EFBC}") = "Infra", "Infra\Infra.csproj", "{62C58E28-84EB-4080-B445-698005EC16D7}"
EndProject
Project("{FAE04EC0-301F-11D3-BF4B-00C04F79EFBC}") = "Domain", "Domain\Domain.csproj", "{C1EF11BC-C27C-4860-9A7E-424828B42304}"
EndProject
Project("{FAE04EC0-301F-11D3-BF4B-00C04F79EFBC}") = "WebApi", "WebApi\WebApi.csproj", "{BBFB2101-0BCE-4E4B-B12C-5D655A7407FA}"
EndProject
Project("{2150E333-8FDC-42A3-9474-1A3956D46DE8}") = "Configuracao", "Configuracao", "{25B105DA-5FFF-42D9-A1C2-F726C436EE17}"
EndProject
Project("{2150E333-8FDC-42A3-9474-1A3956D46DE8}") = "Repositorio", "Repositorio", "{4A0E22A9-D712-4155-9927-76732C15503C}"
EndProject
Global
	GlobalSection(SolutionConfigurationPlatforms) = preSolution
		Debug|Any CPU = Debug|Any CPU
		Release|Any CPU = Release|Any CPU
	EndGlobalSection
	GlobalSection(ProjectConfigurationPlatforms) = postSolution
		{3E0CD139-2027-4734-9949-D2E41BD5C61E}.Debug|Any CPU.ActiveCfg = Debug|Any CPU
		{3E0CD139-2027-4734-9949-D2E41BD5C61E}.Debug|Any CPU.Build.0 = Debug|Any CPU
		{3E0CD139-2027-4734-9949-D2E41BD5C61E}.Release|Any CPU.ActiveCfg = Release|Any CPU
		{3E0CD139-2027-4734-9949-D2E41BD5C61E}.Release|Any CPU.Build.0 = Release|Any CPU
		{FD6B3A0F-8295-498B-9148-97AB7214033F}.Debug|Any CPU.ActiveCfg = Debug|Any CPU
		{FD6B3A0F-8295-498B-9148-97AB7214033F}.Debug|Any CPU.Build.0 = Debug|Any CPU
		{FD6B3A0F-8295-498B-9148-97AB7214033F}.Release|Any CPU.ActiveCfg = Release|Any CPU
		{FD6B3A0F-8295-498B-9148-97AB7214033F}.Release|Any CPU.Build.0 = Release|Any CPU
		{62C58E28-84EB-4080-B445-698005EC16D7}.Debug|Any CPU.ActiveCfg = Debug|Any CPU
		{62C58E28-84EB-4080-B445-698005EC16D7}.Debug|Any CPU.Build.0 = Debug|Any CPU
		{62C58E28-84EB-4080-B445-698005EC16D7}.Release|Any CPU.ActiveCfg = Release|Any CPU
		{62C58E28-84EB-4080-B445-698005EC16D7}.Release|Any CPU.Build.0 = Release|Any CPU
		{C1EF11BC-C27C-4860-9A7E-424828B42304}.Debug|Any CPU.ActiveCfg = Debug|Any CPU
		{C1EF11BC-C27C-4860-9A7E-424828B42304}.Debug|Any CPU.Build.0 = Debug|Any CPU
		{C1EF11BC-C27C-4860-9A7E-424828B42304}.Release|Any CPU.ActiveCfg = Release|Any CPU
		{C1EF11BC-C27C-4860-9A7E-424828B42304}.Release|Any CPU.Build.0 = Release|Any CPU
		{BBFB2101-0BCE-4E4B-B12C-5D655A7407FA}.Debug|Any CPU.ActiveCfg = Debug|Any CPU
		{BBFB2101-0BCE-4E4B-B12C-5D655A7407FA}.Debug|Any CPU.Build.0 = Debug|Any CPU
		{BBFB2101-0BCE-4E4B-B12C-5D655A7407FA}.Release|Any CPU.ActiveCfg = Release|Any CPU
		{BBFB2101-0BCE-4E4B-B12C-5D655A7407FA}.Release|Any CPU.Build.0 = Release|Any CPU
	EndGlobalSection
	GlobalSection(SolutionProperties) = preSolution
		HideSolutionNode = FALSE
	EndGlobalSection
	GlobalSection(NestedProjects) = preSolution
		{3E0CD139-2027-4734-9949-D2E41BD5C61E} = {DE7F3825-DC72-483E-BCCD-B8993D05F1B8}
		{FD6B3A0F-8295-498B-9148-97AB7214033F} = {45B325B8-6BF4-4DC2-8E8E-4E464FEABC2E}
		{62C58E28-84EB-4080-B445-698005EC16D7} = {FC650D05-536E-4849-8DC2-A8A3B827B822}
		{C1EF11BC-C27C-4860-9A7E-424828B42304} = {D6C5E21C-532D-4F90-8AAD-33808BFBA230}
		{BBFB2101-0BCE-4E4B-B12C-5D655A7407FA} = {45926F69-9A6D-4FD7-82F0-DE57389A7249}
		{25B105DA-5FFF-42D9-A1C2-F726C436EE17} = {FC650D05-536E-4849-8DC2-A8A3B827B822}
		{4A0E22A9-D712-4155-9927-76732C15503C} = {FC650D05-536E-4849-8DC2-A8A3B827B822}
	EndGlobalSection
	GlobalSection(ExtensibilityGlobals) = postSolution
		SolutionGuid = {54C3E3DF-25DD-4F80-B33B-EB4D449B9EC5}
	EndGlobalSection
EndGlobal
