
Microsoft Visual Studio Solution File, Format Version 12.00
# Visual Studio Version 17
VisualStudioVersion = 17.7.34202.233
MinimumVisualStudioVersion = 10.0.40219.1
Project("{FAE04EC0-301F-11D3-BF4B-00C04F79EFBC}") = "BookAPi", "BookAPi\BookAPi.csproj", "{929712D7-1A5D-462B-87BF-77BED886B1DC}"
EndProject
Global
	GlobalSection(SolutionConfigurationPlatforms) = preSolution
		Debug|Any CPU = Debug|Any CPU
		Release|Any CPU = Release|Any CPU
	EndGlobalSection
	GlobalSection(ProjectConfigurationPlatforms) = postSolution
		{929712D7-1A5D-462B-87BF-77BED886B1DC}.Debug|Any CPU.ActiveCfg = Debug|Any CPU
		{929712D7-1A5D-462B-87BF-77BED886B1DC}.Debug|Any CPU.Build.0 = Debug|Any CPU
		{929712D7-1A5D-462B-87BF-77BED886B1DC}.Release|Any CPU.ActiveCfg = Release|Any CPU
		{929712D7-1A5D-462B-87BF-77BED886B1DC}.Release|Any CPU.Build.0 = Release|Any CPU
	EndGlobalSection
	GlobalSection(SolutionProperties) = preSolution
		HideSolutionNode = FALSE
	EndGlobalSection
	GlobalSection(ExtensibilityGlobals) = postSolution
		SolutionGuid = {99BC24AF-C2C8-42F8-8487-22037B841B91}
	EndGlobalSection
EndGlobal
