
Microsoft Visual Studio Solution File, Format Version 12.00
# Visual Studio Version 17
VisualStudioVersion = 17.7.34202.233
MinimumVisualStudioVersion = 10.0.40219.1
Project("{FAE04EC0-301F-11D3-BF4B-00C04F79EFBC}") = "AwesomeDevEvents.API", "AwesomeDevEvents.API\AwesomeDevEvents.API.csproj", "{BD000654-3E5F-4390-B306-42F5CC6D077D}"
EndProject
Global
	GlobalSection(SolutionConfigurationPlatforms) = preSolution
		Debug|Any CPU = Debug|Any CPU
		Release|Any CPU = Release|Any CPU
	EndGlobalSection
	GlobalSection(ProjectConfigurationPlatforms) = postSolution
		{BD000654-3E5F-4390-B306-42F5CC6D077D}.Debug|Any CPU.ActiveCfg = Debug|Any CPU
		{BD000654-3E5F-4390-B306-42F5CC6D077D}.Debug|Any CPU.Build.0 = Debug|Any CPU
		{BD000654-3E5F-4390-B306-42F5CC6D077D}.Release|Any CPU.ActiveCfg = Release|Any CPU
		{BD000654-3E5F-4390-B306-42F5CC6D077D}.Release|Any CPU.Build.0 = Release|Any CPU
	EndGlobalSection
	GlobalSection(SolutionProperties) = preSolution
		HideSolutionNode = FALSE
	EndGlobalSection
	GlobalSection(ExtensibilityGlobals) = postSolution
		SolutionGuid = {D35656D0-C186-4B31-B812-D16B8E3B8959}
	EndGlobalSection
EndGlobal
